
Microsoft Visual Studio Solution File, Format Version 12.00
# Visual Studio Version 17
VisualStudioVersion = 17.14.36705.20 d17.14
MinimumVisualStudioVersion = 10.0.40219.1
Project("{FAE04EC0-301F-11D3-BF4B-00C04F79EFBC}") = "EarCandy", "EarCandy\EarCandy.csproj", "{1D9FAC8A-FA44-4C82-B9F8-103597A33083}"
EndProject
Project("{FAE04EC0-301F-11D3-BF4B-00C04F79EFBC}") = "EarCandyMAUI", "EarCandyMAUI\EarCandyMAUI.csproj", "{535405D1-2732-46D9-90A7-7D5B8CD3A319}"
EndProject
Global
	GlobalSection(SolutionConfigurationPlatforms) = preSolution
		Debug|Any CPU = Debug|Any CPU
		Release|Any CPU = Release|Any CPU
	EndGlobalSection
	GlobalSection(ProjectConfigurationPlatforms) = postSolution
		{1D9FAC8A-FA44-4C82-B9F8-103597A33083}.Debug|Any CPU.ActiveCfg = Debug|Any CPU
		{1D9FAC8A-FA44-4C82-B9F8-103597A33083}.Debug|Any CPU.Build.0 = Debug|Any CPU
		{1D9FAC8A-FA44-4C82-B9F8-103597A33083}.Release|Any CPU.ActiveCfg = Release|Any CPU
		{1D9FAC8A-FA44-4C82-B9F8-103597A33083}.Release|Any CPU.Build.0 = Release|Any CPU
		{535405D1-2732-46D9-90A7-7D5B8CD3A319}.Debug|Any CPU.ActiveCfg = Debug|Any CPU
		{535405D1-2732-46D9-90A7-7D5B8CD3A319}.Debug|Any CPU.Build.0 = Debug|Any CPU
		{535405D1-2732-46D9-90A7-7D5B8CD3A319}.Release|Any CPU.ActiveCfg = Release|Any CPU
		{535405D1-2732-46D9-90A7-7D5B8CD3A319}.Release|Any CPU.Build.0 = Release|Any CPU
	EndGlobalSection
	GlobalSection(SolutionProperties) = preSolution
		HideSolutionNode = FALSE
	EndGlobalSection
	GlobalSection(ExtensibilityGlobals) = postSolution
		SolutionGuid = {FC453F25-88F8-4821-81AC-BC76E8EC84FE}
	EndGlobalSection
EndGlobal
